
Microsoft Visual Studio Solution File, Format Version 12.00
# Visual Studio Version 16
VisualStudioVersion = 16.0.29806.167
MinimumVisualStudioVersion = 10.0.40219.1
Project("{9A19103F-16F7-4668-BE54-9A1E7A4F7556}") = "CareerCloud.WebAPI", "CareerCloud.WebAPI\CareerCloud.WebAPI.csproj", "{CF29A90F-8839-4A28-934B-5DC9F6E92965}"
EndProject
Project("{9A19103F-16F7-4668-BE54-9A1E7A4F7556}") = "CareerCloudCore.UnitTests.Assignment5", "CareerCloudCore.UnitTests.Assignment5\CareerCloudCore.UnitTests.Assignment5.csproj", "{2C3ECADD-6ED9-47D0-8E00-B7373FEF44B3}"
EndProject
Project("{9A19103F-16F7-4668-BE54-9A1E7A4F7556}") = "CareerCloud.Pocos", "CareerCloud.Pocos\CareerCloud.Pocos.csproj", "{F1B30503-8856-4EDF-A22A-B9A96EE387BA}"
EndProject
Project("{9A19103F-16F7-4668-BE54-9A1E7A4F7556}") = "CareerCloud.EntityFrameworkDataAccess", "CareerCloudEntityFrameworkDataAccess\CareerCloud.EntityFrameworkDataAccess.csproj", "{1D750E37-1FB8-4A26-A0A1-90A0013896C2}"
EndProject
Project("{9A19103F-16F7-4668-BE54-9A1E7A4F7556}") = "CareerCloud.BusinessLogicLayer", "CareerCloud.BusinessLogicLayer\CareerCloud.BusinessLogicLayer.csproj", "{E697883E-1BC2-4018-9832-693E234A8307}"
EndProject
Project("{9A19103F-16F7-4668-BE54-9A1E7A4F7556}") = "CareerCloud.DataAccessLayer", "CareerCloud.DataAccessLayer\CareerCloud.DataAccessLayer.csproj", "{7E64650F-A77E-4272-B4E4-8DE2E5D659B2}"
EndProject
Global
	GlobalSection(SolutionConfigurationPlatforms) = preSolution
		Debug|Any CPU = Debug|Any CPU
		Release|Any CPU = Release|Any CPU
	EndGlobalSection
	GlobalSection(ProjectConfigurationPlatforms) = postSolution
		{CF29A90F-8839-4A28-934B-5DC9F6E92965}.Debug|Any CPU.ActiveCfg = Debug|Any CPU
		{CF29A90F-8839-4A28-934B-5DC9F6E92965}.Debug|Any CPU.Build.0 = Debug|Any CPU
		{CF29A90F-8839-4A28-934B-5DC9F6E92965}.Release|Any CPU.ActiveCfg = Release|Any CPU
		{CF29A90F-8839-4A28-934B-5DC9F6E92965}.Release|Any CPU.Build.0 = Release|Any CPU
		{2C3ECADD-6ED9-47D0-8E00-B7373FEF44B3}.Debug|Any CPU.ActiveCfg = Debug|Any CPU
		{2C3ECADD-6ED9-47D0-8E00-B7373FEF44B3}.Debug|Any CPU.Build.0 = Debug|Any CPU
		{2C3ECADD-6ED9-47D0-8E00-B7373FEF44B3}.Release|Any CPU.ActiveCfg = Release|Any CPU
		{2C3ECADD-6ED9-47D0-8E00-B7373FEF44B3}.Release|Any CPU.Build.0 = Release|Any CPU
		{F1B30503-8856-4EDF-A22A-B9A96EE387BA}.Debug|Any CPU.ActiveCfg = Debug|Any CPU
		{F1B30503-8856-4EDF-A22A-B9A96EE387BA}.Debug|Any CPU.Build.0 = Debug|Any CPU
		{F1B30503-8856-4EDF-A22A-B9A96EE387BA}.Release|Any CPU.ActiveCfg = Release|Any CPU
		{F1B30503-8856-4EDF-A22A-B9A96EE387BA}.Release|Any CPU.Build.0 = Release|Any CPU
		{1D750E37-1FB8-4A26-A0A1-90A0013896C2}.Debug|Any CPU.ActiveCfg = Debug|Any CPU
		{1D750E37-1FB8-4A26-A0A1-90A0013896C2}.Debug|Any CPU.Build.0 = Debug|Any CPU
		{1D750E37-1FB8-4A26-A0A1-90A0013896C2}.Release|Any CPU.ActiveCfg = Release|Any CPU
		{1D750E37-1FB8-4A26-A0A1-90A0013896C2}.Release|Any CPU.Build.0 = Release|Any CPU
		{E697883E-1BC2-4018-9832-693E234A8307}.Debug|Any CPU.ActiveCfg = Debug|Any CPU
		{E697883E-1BC2-4018-9832-693E234A8307}.Debug|Any CPU.Build.0 = Debug|Any CPU
		{E697883E-1BC2-4018-9832-693E234A8307}.Release|Any CPU.ActiveCfg = Release|Any CPU
		{E697883E-1BC2-4018-9832-693E234A8307}.Release|Any CPU.Build.0 = Release|Any CPU
		{7E64650F-A77E-4272-B4E4-8DE2E5D659B2}.Debug|Any CPU.ActiveCfg = Debug|Any CPU
		{7E64650F-A77E-4272-B4E4-8DE2E5D659B2}.Debug|Any CPU.Build.0 = Debug|Any CPU
		{7E64650F-A77E-4272-B4E4-8DE2E5D659B2}.Release|Any CPU.ActiveCfg = Release|Any CPU
		{7E64650F-A77E-4272-B4E4-8DE2E5D659B2}.Release|Any CPU.Build.0 = Release|Any CPU
	EndGlobalSection
	GlobalSection(SolutionProperties) = preSolution
		HideSolutionNode = FALSE
	EndGlobalSection
	GlobalSection(ExtensibilityGlobals) = postSolution
		SolutionGuid = {1EE68472-D6F7-46BC-B5E2-34E8FE3EB260}
	EndGlobalSection
EndGlobal
